
Microsoft Visual Studio Solution File, Format Version 12.00
# Visual Studio Version 16
VisualStudioVersion = 16.0.31105.61
MinimumVisualStudioVersion = 10.0.40219.1
Project("{2150E333-8FDC-42A3-9474-1A3956D46DE8}") = "Services", "Services", "{2D0B0796-1775-4CDA-A86D-604AD3E0827A}"
EndProject
Project("{2150E333-8FDC-42A3-9474-1A3956D46DE8}") = "KweetService", "KweetService", "{D1C0AA36-B989-41B1-9B9B-22574EEA2745}"
EndProject
Project("{9A19103F-16F7-4668-BE54-9A1E7A4F7556}") = "Kwetter.Services.KweetService.API", "Services\KweetService\API\Kwetter.Services.KweetService.API.csproj", "{AC2171DE-E14C-4756-8069-22A1ED261E2C}"
EndProject
Project("{2150E333-8FDC-42A3-9474-1A3956D46DE8}") = "UserService", "UserService", "{54CD94C9-204D-4065-9F27-07B85D4B0C50}"
EndProject
Project("{2150E333-8FDC-42A3-9474-1A3956D46DE8}") = "Gateway", "Gateway", "{5470FDAE-6DCC-4282-A16A-E3D707DFC4AA}"
EndProject
Project("{9A19103F-16F7-4668-BE54-9A1E7A4F7556}") = "Kwetter.Services.UserService.API", "Services\UserService\API\Kwetter.Services.UserService.API.csproj", "{6D60B2B2-EFFD-4D84-8C36-ADF635573916}"
EndProject
Project("{9A19103F-16F7-4668-BE54-9A1E7A4F7556}") = "Kwetter.Services.Gateway.Web.Gateway", "Services\Gateway\Web.Gateway\Kwetter.Services.Gateway.Web.Gateway.csproj", "{D8E00052-F44B-4581-BD90-E65C9F184981}"
EndProject
Project("{2150E333-8FDC-42A3-9474-1A3956D46DE8}") = "Common", "Common", "{DC613B38-5652-410F-8F30-1A43D31B3967}"
EndProject
Project("{9A19103F-16F7-4668-BE54-9A1E7A4F7556}") = "Kwetter.Services.Common.API", "Services\Common\API\Kwetter.Services.Common.API.csproj", "{8A146B04-8E10-494C-A212-ACF731CDD4B0}"
EndProject
Project("{9A19103F-16F7-4668-BE54-9A1E7A4F7556}") = "Kwetter.Services.Common.Infrastructure", "Services\Common\Infrastructure\Kwetter.Services.Common.Infrastructure.csproj", "{C6767785-C301-45CE-ABF8-579418ED07A0}"
EndProject
Project("{9A19103F-16F7-4668-BE54-9A1E7A4F7556}") = "Kwetter.Services.KweetService.Tests", "Services\KweetService\Tests\Kwetter.Services.KweetService.Tests.csproj", "{08AF5B8E-6E73-4068-931B-54CF84DDC8DA}"
EndProject
Project("{2150E333-8FDC-42A3-9474-1A3956D46DE8}") = "AuthorizationService", "AuthorizationService", "{F279085F-8AC6-4A27-A369-C4CB0E75DC87}"
EndProject
Project("{9A19103F-16F7-4668-BE54-9A1E7A4F7556}") = "Kwetter.Services.AuthorizationService.API", "Services\AuthorizationService\API\Kwetter.Services.AuthorizationService.API.csproj", "{60EB5FE4-A29F-4B09-AE5A-858650231E92}"
EndProject
Project("{9A19103F-16F7-4668-BE54-9A1E7A4F7556}") = "Kwetter.Services.Common.Domain", "Services\Common\Domain\Kwetter.Services.Common.Domain.csproj", "{413FED57-B7AD-434F-ACF0-5EC7E0139375}"
EndProject
Project("{9A19103F-16F7-4668-BE54-9A1E7A4F7556}") = "Kwetter.Services.Common.Tests", "Services\Common\Tests\Kwetter.Services.Common.Tests.csproj", "{387BEB4B-17DE-44AB-9780-26896177A889}"
EndProject
Project("{2150E333-8FDC-42A3-9474-1A3956D46DE8}") = "FollowService", "FollowService", "{58C1A950-43D0-4600-AC69-EEC41A72B139}"
EndProject
Project("{9A19103F-16F7-4668-BE54-9A1E7A4F7556}") = "Kwetter.Services.FollowService.API", "Services\FollowService\API\Kwetter.Services.FollowService.API.csproj", "{C43C9BBA-E673-4A13-998C-6EF68533C262}"
EndProject
Project("{2150E333-8FDC-42A3-9474-1A3956D46DE8}") = "TimelineService", "TimelineService", "{3E586316-2E1B-49E9-9739-F81B7C2F1E5B}"
EndProject
Project("{FAE04EC0-301F-11D3-BF4B-00C04F79EFBC}") = "Kwetter.Services.TimelineService.API", "Services\TimelineService\API\Kwetter.Services.TimelineService.API.csproj", "{A346A5F4-6928-49AB-B00F-555A972B93C1}"
EndProject
Global
	GlobalSection(SolutionConfigurationPlatforms) = preSolution
		Debug|Any CPU = Debug|Any CPU
		Release|Any CPU = Release|Any CPU
	EndGlobalSection
	GlobalSection(ProjectConfigurationPlatforms) = postSolution
		{AC2171DE-E14C-4756-8069-22A1ED261E2C}.Debug|Any CPU.ActiveCfg = Debug|Any CPU
		{AC2171DE-E14C-4756-8069-22A1ED261E2C}.Debug|Any CPU.Build.0 = Debug|Any CPU
		{AC2171DE-E14C-4756-8069-22A1ED261E2C}.Release|Any CPU.ActiveCfg = Release|Any CPU
		{AC2171DE-E14C-4756-8069-22A1ED261E2C}.Release|Any CPU.Build.0 = Release|Any CPU
		{6D60B2B2-EFFD-4D84-8C36-ADF635573916}.Debug|Any CPU.ActiveCfg = Debug|Any CPU
		{6D60B2B2-EFFD-4D84-8C36-ADF635573916}.Debug|Any CPU.Build.0 = Debug|Any CPU
		{6D60B2B2-EFFD-4D84-8C36-ADF635573916}.Release|Any CPU.ActiveCfg = Release|Any CPU
		{6D60B2B2-EFFD-4D84-8C36-ADF635573916}.Release|Any CPU.Build.0 = Release|Any CPU
		{D8E00052-F44B-4581-BD90-E65C9F184981}.Debug|Any CPU.ActiveCfg = Debug|Any CPU
		{D8E00052-F44B-4581-BD90-E65C9F184981}.Debug|Any CPU.Build.0 = Debug|Any CPU
		{D8E00052-F44B-4581-BD90-E65C9F184981}.Release|Any CPU.ActiveCfg = Release|Any CPU
		{D8E00052-F44B-4581-BD90-E65C9F184981}.Release|Any CPU.Build.0 = Release|Any CPU
		{8A146B04-8E10-494C-A212-ACF731CDD4B0}.Debug|Any CPU.ActiveCfg = Debug|Any CPU
		{8A146B04-8E10-494C-A212-ACF731CDD4B0}.Debug|Any CPU.Build.0 = Debug|Any CPU
		{8A146B04-8E10-494C-A212-ACF731CDD4B0}.Release|Any CPU.ActiveCfg = Release|Any CPU
		{8A146B04-8E10-494C-A212-ACF731CDD4B0}.Release|Any CPU.Build.0 = Release|Any CPU
		{C6767785-C301-45CE-ABF8-579418ED07A0}.Debug|Any CPU.ActiveCfg = Debug|Any CPU
		{C6767785-C301-45CE-ABF8-579418ED07A0}.Debug|Any CPU.Build.0 = Debug|Any CPU
		{C6767785-C301-45CE-ABF8-579418ED07A0}.Release|Any CPU.ActiveCfg = Release|Any CPU
		{C6767785-C301-45CE-ABF8-579418ED07A0}.Release|Any CPU.Build.0 = Release|Any CPU
		{08AF5B8E-6E73-4068-931B-54CF84DDC8DA}.Debug|Any CPU.ActiveCfg = Debug|Any CPU
		{08AF5B8E-6E73-4068-931B-54CF84DDC8DA}.Debug|Any CPU.Build.0 = Debug|Any CPU
		{08AF5B8E-6E73-4068-931B-54CF84DDC8DA}.Release|Any CPU.ActiveCfg = Release|Any CPU
		{08AF5B8E-6E73-4068-931B-54CF84DDC8DA}.Release|Any CPU.Build.0 = Release|Any CPU
		{60EB5FE4-A29F-4B09-AE5A-858650231E92}.Debug|Any CPU.ActiveCfg = Debug|Any CPU
		{60EB5FE4-A29F-4B09-AE5A-858650231E92}.Debug|Any CPU.Build.0 = Debug|Any CPU
		{60EB5FE4-A29F-4B09-AE5A-858650231E92}.Release|Any CPU.ActiveCfg = Release|Any CPU
		{60EB5FE4-A29F-4B09-AE5A-858650231E92}.Release|Any CPU.Build.0 = Release|Any CPU
		{413FED57-B7AD-434F-ACF0-5EC7E0139375}.Debug|Any CPU.ActiveCfg = Debug|Any CPU
		{413FED57-B7AD-434F-ACF0-5EC7E0139375}.Debug|Any CPU.Build.0 = Debug|Any CPU
		{413FED57-B7AD-434F-ACF0-5EC7E0139375}.Release|Any CPU.ActiveCfg = Release|Any CPU
		{413FED57-B7AD-434F-ACF0-5EC7E0139375}.Release|Any CPU.Build.0 = Release|Any CPU
		{387BEB4B-17DE-44AB-9780-26896177A889}.Debug|Any CPU.ActiveCfg = Debug|Any CPU
		{387BEB4B-17DE-44AB-9780-26896177A889}.Debug|Any CPU.Build.0 = Debug|Any CPU
		{387BEB4B-17DE-44AB-9780-26896177A889}.Release|Any CPU.ActiveCfg = Release|Any CPU
		{387BEB4B-17DE-44AB-9780-26896177A889}.Release|Any CPU.Build.0 = Release|Any CPU
		{C43C9BBA-E673-4A13-998C-6EF68533C262}.Debug|Any CPU.ActiveCfg = Debug|Any CPU
		{C43C9BBA-E673-4A13-998C-6EF68533C262}.Debug|Any CPU.Build.0 = Debug|Any CPU
		{C43C9BBA-E673-4A13-998C-6EF68533C262}.Release|Any CPU.ActiveCfg = Release|Any CPU
		{C43C9BBA-E673-4A13-998C-6EF68533C262}.Release|Any CPU.Build.0 = Release|Any CPU
		{A346A5F4-6928-49AB-B00F-555A972B93C1}.Debug|Any CPU.ActiveCfg = Debug|Any CPU
		{A346A5F4-6928-49AB-B00F-555A972B93C1}.Debug|Any CPU.Build.0 = Debug|Any CPU
		{A346A5F4-6928-49AB-B00F-555A972B93C1}.Release|Any CPU.ActiveCfg = Release|Any CPU
		{A346A5F4-6928-49AB-B00F-555A972B93C1}.Release|Any CPU.Build.0 = Release|Any CPU
	EndGlobalSection
	GlobalSection(SolutionProperties) = preSolution
		HideSolutionNode = FALSE
	EndGlobalSection
	GlobalSection(NestedProjects) = preSolution
		{D1C0AA36-B989-41B1-9B9B-22574EEA2745} = {2D0B0796-1775-4CDA-A86D-604AD3E0827A}
		{AC2171DE-E14C-4756-8069-22A1ED261E2C} = {D1C0AA36-B989-41B1-9B9B-22574EEA2745}
		{54CD94C9-204D-4065-9F27-07B85D4B0C50} = {2D0B0796-1775-4CDA-A86D-604AD3E0827A}
		{5470FDAE-6DCC-4282-A16A-E3D707DFC4AA} = {2D0B0796-1775-4CDA-A86D-604AD3E0827A}
		{6D60B2B2-EFFD-4D84-8C36-ADF635573916} = {54CD94C9-204D-4065-9F27-07B85D4B0C50}
		{D8E00052-F44B-4581-BD90-E65C9F184981} = {5470FDAE-6DCC-4282-A16A-E3D707DFC4AA}
		{DC613B38-5652-410F-8F30-1A43D31B3967} = {2D0B0796-1775-4CDA-A86D-604AD3E0827A}
		{8A146B04-8E10-494C-A212-ACF731CDD4B0} = {DC613B38-5652-410F-8F30-1A43D31B3967}
		{C6767785-C301-45CE-ABF8-579418ED07A0} = {DC613B38-5652-410F-8F30-1A43D31B3967}
		{08AF5B8E-6E73-4068-931B-54CF84DDC8DA} = {D1C0AA36-B989-41B1-9B9B-22574EEA2745}
		{F279085F-8AC6-4A27-A369-C4CB0E75DC87} = {2D0B0796-1775-4CDA-A86D-604AD3E0827A}
		{60EB5FE4-A29F-4B09-AE5A-858650231E92} = {F279085F-8AC6-4A27-A369-C4CB0E75DC87}
		{413FED57-B7AD-434F-ACF0-5EC7E0139375} = {DC613B38-5652-410F-8F30-1A43D31B3967}
		{387BEB4B-17DE-44AB-9780-26896177A889} = {DC613B38-5652-410F-8F30-1A43D31B3967}
		{58C1A950-43D0-4600-AC69-EEC41A72B139} = {2D0B0796-1775-4CDA-A86D-604AD3E0827A}
		{C43C9BBA-E673-4A13-998C-6EF68533C262} = {58C1A950-43D0-4600-AC69-EEC41A72B139}
		{3E586316-2E1B-49E9-9739-F81B7C2F1E5B} = {2D0B0796-1775-4CDA-A86D-604AD3E0827A}
		{A346A5F4-6928-49AB-B00F-555A972B93C1} = {3E586316-2E1B-49E9-9739-F81B7C2F1E5B}
	EndGlobalSection
	GlobalSection(ExtensibilityGlobals) = postSolution
		SolutionGuid = {65436DE8-333B-40BC-A4A7-706AA4596FB5}
	EndGlobalSection
EndGlobal
